// !$*UTF8*$!
{
	archiveVersion = 1;
	classes = {
	};
	objectVersion = 46;
	objects = {

/* Begin PBXBuildFile section */
		138F08551538F8C900424267 /* InfoPlist.strings in Resources */ = {isa = PBXBuildFile; fileRef = 138F08321538F8C900424267 /* InfoPlist.strings */; };
		138F08561538F8C900424267 /* MainWindow.xib in Resources */ = {isa = PBXBuildFile; fileRef = 138F08341538F8C900424267 /* MainWindow.xib */; };
		138F08701538F91E00424267 /* Default.png in Resources */ = {isa = PBXBuildFile; fileRef = 138F085C1538F91E00424267 /* Default.png */; };
		138F08711538F91E00424267 /* Default@2x.png in Resources */ = {isa = PBXBuildFile; fileRef = 138F085D1538F91E00424267 /* Default@2x.png */; };
		138F08721538F91E00424267 /* iconBig.png in Resources */ = {isa = PBXBuildFile; fileRef = 138F085E1538F91E00424267 /* iconBig.png */; };
		138F08731538F91E00424267 /* railshotlinebg.png in Resources */ = {isa = PBXBuildFile; fileRef = 138F085F1538F91E00424267 /* railshotlinebg.png */; };
		138F08741538F91E00424267 /* railshotlinebg@2x.png in Resources */ = {isa = PBXBuildFile; fileRef = 138F08601538F91E00424267 /* railshotlinebg@2x.png */; };
		138F08751538F91E00424267 /* screenshot.png in Resources */ = {isa = PBXBuildFile; fileRef = 138F08611538F91E00424267 /* screenshot.png */; };
		138F08761538F91E00424267 /* InfoPlist.strings in Resources */ = {isa = PBXBuildFile; fileRef = 138F08621538F91E00424267 /* InfoPlist.strings */; };
		138F08771538F91E00424267 /* MainWindow.xib in Resources */ = {isa = PBXBuildFile; fileRef = 138F08641538F91E00424267 /* MainWindow.xib */; };
		138F08781538F91E00424267 /* main.m in Sources */ = {isa = PBXBuildFile; fileRef = 138F08661538F91E00424267 /* main.m */; };
		138F08791538F91E00424267 /* PockethotlineAppDelegate.m in Sources */ = {isa = PBXBuildFile; fileRef = 138F08681538F91E00424267 /* PockethotlineAppDelegate.m */; };
		138F087A1538F91E00424267 /* PockethotlineView.m in Sources */ = {isa = PBXBuildFile; fileRef = 138F086A1538F91E00424267 /* PockethotlineView.m */; };
		138F087B1538F91E00424267 /* railshotline-Info.plist in Resources */ = {isa = PBXBuildFile; fileRef = 138F086B1538F91E00424267 /* railshotline-Info.plist */; };
		138F087C1538F91E00424267 /* readme.md in Resources */ = {isa = PBXBuildFile; fileRef = 138F086D1538F91E00424267 /* readme.md */; };
		138F087D1538F91E00424267 /* Icon.png in Resources */ = {isa = PBXBuildFile; fileRef = 138F086E1538F91E00424267 /* Icon.png */; };
		138F087E1538F91E00424267 /* Icon@2x.png in Resources */ = {isa = PBXBuildFile; fileRef = 138F086F1538F91E00424267 /* Icon@2x.png */; };
		9EE48E17130DC7EF005491E1 /* UIKit.framework in Frameworks */ = {isa = PBXBuildFile; fileRef = 9EE48E16130DC7EF005491E1 /* UIKit.framework */; };
		9EE48E19130DC7EF005491E1 /* Foundation.framework in Frameworks */ = {isa = PBXBuildFile; fileRef = 9EE48E18130DC7EF005491E1 /* Foundation.framework */; };
		9EE48E1B130DC7EF005491E1 /* CoreGraphics.framework in Frameworks */ = {isa = PBXBuildFile; fileRef = 9EE48E1A130DC7EF005491E1 /* CoreGraphics.framework */; };
/* End PBXBuildFile section */

/* Begin PBXFileReference section */
		138F08331538F8C900424267 /* en */ = {isa = PBXFileReference; lastKnownFileType = text.plist.strings; name = en; path = InfoPlist.strings; sourceTree = "<group>"; };
		138F08351538F8C900424267 /* en */ = {isa = PBXFileReference; lastKnownFileType = file.xib; name = en; path = MainWindow.xib; sourceTree = "<group>"; };
		138F085C1538F91E00424267 /* Default.png */ = {isa = PBXFileReference; lastKnownFileType = image.png; path = Default.png; sourceTree = "<group>"; };
		138F085D1538F91E00424267 /* Default@2x.png */ = {isa = PBXFileReference; lastKnownFileType = image.png; path = "Default@2x.png"; sourceTree = "<group>"; };
		138F085E1538F91E00424267 /* iconBig.png */ = {isa = PBXFileReference; lastKnownFileType = image.png; path = iconBig.png; sourceTree = "<group>"; };
		138F085F1538F91E00424267 /* railshotlinebg.png */ = {isa = PBXFileReference; lastKnownFileType = image.png; path = railshotlinebg.png; sourceTree = "<group>"; };
		138F08601538F91E00424267 /* railshotlinebg@2x.png */ = {isa = PBXFileReference; lastKnownFileType = image.png; path = "railshotlinebg@2x.png"; sourceTree = "<group>"; };
		138F08611538F91E00424267 /* screenshot.png */ = {isa = PBXFileReference; lastKnownFileType = image.png; path = screenshot.png; sourceTree = "<group>"; };
		138F08631538F91E00424267 /* en */ = {isa = PBXFileReference; lastKnownFileType = text.plist.strings; name = en; path = en.lproj/InfoPlist.strings; sourceTree = "<group>"; };
		138F08651538F91E00424267 /* en */ = {isa = PBXFileReference; lastKnownFileType = file.xib; name = en; path = en.lproj/MainWindow.xib; sourceTree = "<group>"; };
		138F08661538F91E00424267 /* main.m */ = {isa = PBXFileReference; fileEncoding = 4; lastKnownFileType = sourcecode.c.objc; path = main.m; sourceTree = "<group>"; };
		138F08671538F91E00424267 /* PockethotlineAppDelegate.h */ = {isa = PBXFileReference; fileEncoding = 4; lastKnownFileType = sourcecode.c.h; path = PockethotlineAppDelegate.h; sourceTree = "<group>"; };
		138F08681538F91E00424267 /* PockethotlineAppDelegate.m */ = {isa = PBXFileReference; fileEncoding = 4; lastKnownFileType = sourcecode.c.objc; path = PockethotlineAppDelegate.m; sourceTree = "<group>"; };
		138F08691538F91E00424267 /* PockethotlineView.h */ = {isa = PBXFileReference; fileEncoding = 4; lastKnownFileType = sourcecode.c.h; path = PockethotlineView.h; sourceTree = "<group>"; };
		138F086A1538F91E00424267 /* PockethotlineView.m */ = {isa = PBXFileReference; fileEncoding = 4; lastKnownFileType = sourcecode.c.objc; path = PockethotlineView.m; sourceTree = "<group>"; };
		138F086B1538F91E00424267 /* railshotline-Info.plist */ = {isa = PBXFileReference; fileEncoding = 4; lastKnownFileType = text.plist.xml; name = "railshotline-Info.plist"; path = "railshotline/railshotline-Info.plist"; sourceTree = "<group>"; };
		138F086C1538F91E00424267 /* railshotline-Prefix.pch */ = {isa = PBXFileReference; fileEncoding = 4; lastKnownFileType = sourcecode.c.h; name = "railshotline-Prefix.pch"; path = "railshotline/railshotline-Prefix.pch"; sourceTree = "<group>"; };
		138F086D1538F91E00424267 /* readme.md */ = {isa = PBXFileReference; fileEncoding = 4; lastKnownFileType = text; path = readme.md; sourceTree = "<group>"; };
		138F086E1538F91E00424267 /* Icon.png */ = {isa = PBXFileReference; lastKnownFileType = image.png; path = Icon.png; sourceTree = "<group>"; };
		138F086F1538F91E00424267 /* Icon@2x.png */ = {isa = PBXFileReference; lastKnownFileType = image.png; path = "Icon@2x.png"; sourceTree = "<group>"; };
		9EE48E12130DC7EF005491E1 /* railshotline.app */ = {isa = PBXFileReference; explicitFileType = wrapper.application; includeInIndex = 0; path = railshotline.app; sourceTree = BUILT_PRODUCTS_DIR; };
		9EE48E16130DC7EF005491E1 /* UIKit.framework */ = {isa = PBXFileReference; lastKnownFileType = wrapper.framework; name = UIKit.framework; path = System/Library/Frameworks/UIKit.framework; sourceTree = SDKROOT; };
		9EE48E18130DC7EF005491E1 /* Foundation.framework */ = {isa = PBXFileReference; lastKnownFileType = wrapper.framework; name = Foundation.framework; path = System/Library/Frameworks/Foundation.framework; sourceTree = SDKROOT; };
		9EE48E1A130DC7EF005491E1 /* CoreGraphics.framework */ = {isa = PBXFileReference; lastKnownFileType = wrapper.framework; name = CoreGraphics.framework; path = System/Library/Frameworks/CoreGraphics.framework; sourceTree = SDKROOT; };
/* End PBXFileReference section */

/* Begin PBXFrameworksBuildPhase section */
		9EE48E0F130DC7EF005491E1 /* Frameworks */ = {
			isa = PBXFrameworksBuildPhase;
			buildActionMask = 2147483647;
			files = (
				9EE48E17130DC7EF005491E1 /* UIKit.framework in Frameworks */,
				9EE48E19130DC7EF005491E1 /* Foundation.framework in Frameworks */,
				9EE48E1B130DC7EF005491E1 /* CoreGraphics.framework in Frameworks */,
			);
			runOnlyForDeploymentPostprocessing = 0;
		};
/* End PBXFrameworksBuildPhase section */

/* Begin PBXGroup section */
		138F08311538F8C900424267 /* en.lproj */ = {
			isa = PBXGroup;
			children = (
				138F08321538F8C900424267 /* InfoPlist.strings */,
				138F08341538F8C900424267 /* MainWindow.xib */,
			);
			name = en.lproj;
			path = railshotline/en.lproj;
			sourceTree = "<group>";
		};
		138F085A1538F91E00424267 /* railshotline */ = {
			isa = PBXGroup;
			children = (
				138F08641538F91E00424267 /* MainWindow.xib */,
				138F08661538F91E00424267 /* main.m */,
				138F08671538F91E00424267 /* PockethotlineAppDelegate.h */,
				138F08681538F91E00424267 /* PockethotlineAppDelegate.m */,
				138F08691538F91E00424267 /* PockethotlineView.h */,
				138F086A1538F91E00424267 /* PockethotlineView.m */,
			);
			path = railshotline;
			sourceTree = "<group>";
		};
		138F085B1538F91E00424267 /* assets */ = {
			isa = PBXGroup;
			children = (
				138F085C1538F91E00424267 /* Default.png */,
				138F085D1538F91E00424267 /* Default@2x.png */,
				138F085E1538F91E00424267 /* iconBig.png */,
				138F085F1538F91E00424267 /* railshotlinebg.png */,
				138F08601538F91E00424267 /* railshotlinebg@2x.png */,
				138F08611538F91E00424267 /* screenshot.png */,
			);
			name = assets;
			path = railshotline/assets;
			sourceTree = "<group>";
		};
		9EE48E07130DC7EF005491E1 = {
			isa = PBXGroup;
			children = (
				138F08621538F91E00424267 /* InfoPlist.strings */,
				138F086B1538F91E00424267 /* railshotline-Info.plist */,
				138F086C1538F91E00424267 /* railshotline-Prefix.pch */,
				138F085B1538F91E00424267 /* assets */,
				138F085A1538F91E00424267 /* railshotline */,
				138F086D1538F91E00424267 /* readme.md */,
				138F086E1538F91E00424267 /* Icon.png */,
				138F086F1538F91E00424267 /* Icon@2x.png */,
				138F08311538F8C900424267 /* en.lproj */,
				9EE48E15130DC7EF005491E1 /* Frameworks */,
				9EE48E13130DC7EF005491E1 /* Products */,
			);
			sourceTree = "<group>";
		};
		9EE48E13130DC7EF005491E1 /* Products */ = {
			isa = PBXGroup;
			children = (
				9EE48E12130DC7EF005491E1 /* railshotline.app */,
			);
			name = Products;
			sourceTree = "<group>";
		};
		9EE48E15130DC7EF005491E1 /* Frameworks */ = {
			isa = PBXGroup;
			children = (
				9EE48E16130DC7EF005491E1 /* UIKit.framework */,
				9EE48E18130DC7EF005491E1 /* Foundation.framework */,
				9EE48E1A130DC7EF005491E1 /* CoreGraphics.framework */,
			);
			name = Frameworks;
			sourceTree = "<group>";
		};
/* End PBXGroup section */

/* Begin PBXNativeTarget section */
		9EE48E11130DC7EF005491E1 /* railshotline */ = {
			isa = PBXNativeTarget;
			buildConfigurationList = 9EE48E2D130DC7EF005491E1 /* Build configuration list for PBXNativeTarget "railshotline" */;
			buildPhases = (
				9EE48E0E130DC7EF005491E1 /* Sources */,
				9EE48E0F130DC7EF005491E1 /* Frameworks */,
				9EE48E10130DC7EF005491E1 /* Resources */,
			);
			buildRules = (
			);
			dependencies = (
			);
			name = railshotline;
			productName = railshotline;
			productReference = 9EE48E12130DC7EF005491E1 /* railshotline.app */;
			productType = "com.apple.product-type.application";
		};
/* End PBXNativeTarget section */

/* Begin PBXProject section */
		9EE48E09130DC7EF005491E1 /* Project object */ = {
			isa = PBXProject;
			buildConfigurationList = 9EE48E0C130DC7EF005491E1 /* Build configuration list for PBXProject "railshotline" */;
			compatibilityVersion = "Xcode 3.2";
			developmentRegion = English;
			hasScannedForEncodings = 0;
			knownRegions = (
				en,
				es,
				ar,
				de,
				fr,
				it,
				ja,
				ko,
				"pt-BR",
				th,
				"zh-Hans",
			);
			mainGroup = 9EE48E07130DC7EF005491E1;
			productRefGroup = 9EE48E13130DC7EF005491E1 /* Products */;
			projectDirPath = "";
			projectRoot = "";
			targets = (
				9EE48E11130DC7EF005491E1 /* railshotline */,
			);
		};
/* End PBXProject section */

/* Begin PBXResourcesBuildPhase section */
		9EE48E10130DC7EF005491E1 /* Resources */ = {
			isa = PBXResourcesBuildPhase;
			buildActionMask = 2147483647;
			files = (
				138F08551538F8C900424267 /* InfoPlist.strings in Resources */,
				138F08561538F8C900424267 /* MainWindow.xib in Resources */,
				138F08701538F91E00424267 /* Default.png in Resources */,
				138F08711538F91E00424267 /* Default@2x.png in Resources */,
				138F08721538F91E00424267 /* iconBig.png in Resources */,
				138F08731538F91E00424267 /* railshotlinebg.png in Resources */,
				138F08741538F91E00424267 /* railshotlinebg@2x.png in Resources */,
				138F08751538F91E00424267 /* screenshot.png in Resources */,
				138F08761538F91E00424267 /* InfoPlist.strings in Resources */,
				138F08771538F91E00424267 /* MainWindow.xib in Resources */,
				138F087B1538F91E00424267 /* railshotline-Info.plist in Resources */,
				138F087C1538F91E00424267 /* readme.md in Resources */,
				138F087D1538F91E00424267 /* Icon.png in Resources */,
				138F087E1538F91E00424267 /* Icon@2x.png in Resources */,
			);
			runOnlyForDeploymentPostprocessing = 0;
		};
/* End PBXResourcesBuildPhase section */

/* Begin PBXSourcesBuildPhase section */
		9EE48E0E130DC7EF005491E1 /* Sources */ = {
			isa = PBXSourcesBuildPhase;
			buildActionMask = 2147483647;
			files = (
				138F08781538F91E00424267 /* main.m in Sources */,
				138F08791538F91E00424267 /* PockethotlineAppDelegate.m in Sources */,
				138F087A1538F91E00424267 /* PockethotlineView.m in Sources */,
			);
			runOnlyForDeploymentPostprocessing = 0;
		};
/* End PBXSourcesBuildPhase section */

/* Begin PBXVariantGroup section */
		138F08321538F8C900424267 /* InfoPlist.strings */ = {
			isa = PBXVariantGroup;
			children = (
				138F08331538F8C900424267 /* en */,
			);
			name = InfoPlist.strings;
			sourceTree = "<group>";
		};
		138F08341538F8C900424267 /* MainWindow.xib */ = {
			isa = PBXVariantGroup;
			children = (
				138F08351538F8C900424267 /* en */,
			);
			name = MainWindow.xib;
			sourceTree = "<group>";
		};
		138F08621538F91E00424267 /* InfoPlist.strings */ = {
			isa = PBXVariantGroup;
			children = (
				138F08631538F91E00424267 /* en */,
			);
			name = InfoPlist.strings;
			path = railshotline;
			sourceTree = "<group>";
		};
		138F08641538F91E00424267 /* MainWindow.xib */ = {
			isa = PBXVariantGroup;
			children = (
				138F08651538F91E00424267 /* en */,
			);
			name = MainWindow.xib;
			sourceTree = "<group>";
		};
/* End PBXVariantGroup section */

/* Begin XCBuildConfiguration section */
		9EE48E2B130DC7EF005491E1 /* Debug */ = {
			isa = XCBuildConfiguration;
			buildSettings = {
				ARCHS = (
					armv7,
					armv6,
				);
				CODE_SIGN_IDENTITY = "iPhone Developer";
				"CODE_SIGN_IDENTITY[sdk=iphoneos*]" = "iPhone Developer";
				GCC_C_LANGUAGE_STANDARD = gnu99;
				GCC_OPTIMIZATION_LEVEL = 0;
				GCC_PREPROCESSOR_DEFINITIONS = DEBUG;
				GCC_VERSION = com.apple.compilers.llvmgcc42;
				GCC_WARN_ABOUT_RETURN_TYPE = YES;
				GCC_WARN_UNUSED_VARIABLE = YES;
				IPHONEOS_DEPLOYMENT_TARGET = 4.2;
				PROVISIONING_PROFILE = "";
				"PROVISIONING_PROFILE[sdk=iphoneos*]" = "";
				SDKROOT = iphoneos;
			};
			name = Debug;
		};
		9EE48E2C130DC7EF005491E1 /* Release */ = {
			isa = XCBuildConfiguration;
			buildSettings = {
				ARCHS = (
					armv7,
					armv6,
				);
				CODE_SIGN_IDENTITY = "iPhone Distribution";
				"CODE_SIGN_IDENTITY[sdk=iphoneos*]" = "iPhone Distribution";
				GCC_C_LANGUAGE_STANDARD = gnu99;
				GCC_VERSION = com.apple.compilers.llvmgcc42;
				GCC_WARN_ABOUT_RETURN_TYPE = YES;
				GCC_WARN_UNUSED_VARIABLE = YES;
				IPHONEOS_DEPLOYMENT_TARGET = 4.2;
				OTHER_CFLAGS = "-DNS_BLOCK_ASSERTIONS=1";
				PROVISIONING_PROFILE = "";
				"PROVISIONING_PROFILE[sdk=iphoneos*]" = "";
				SDKROOT = iphoneos;
			};
			name = Release;
		};
		9EE48E2E130DC7EF005491E1 /* Debug */ = {
			isa = XCBuildConfiguration;
			buildSettings = {
				ALWAYS_SEARCH_USER_PATHS = NO;
				COPY_PHASE_STRIP = NO;
				FRAMEWORK_SEARCH_PATHS = (
					"$(inherited)",
					"\"$(SRCROOT)/../peepcode-iphone-view-controllers-code/1-Starter/SDKs/httpriot-0.6.11\"",
					"\"$(SRCROOT)/../peepcode-iphone-view-controllers-code/2-FromScreencast/SDKs/httpriot-0.6.11\"",
					"\"$(SRCROOT)/../peepcode-iphone-view-controllers-code/3-Enhanced/SDKs/httpriot-0.6.11\"",
				);
				GCC_DYNAMIC_NO_PIC = NO;
				GCC_PRECOMPILE_PREFIX_HEADER = YES;
				GCC_PREFIX_HEADER = "railshotline/railshotline-Prefix.pch";
				INFOPLIST_FILE = "railshotline/railshotline-Info.plist";
				INSTALL_PATH = "$(LOCAL_APPS_DIR)";
				IPHONEOS_DEPLOYMENT_TARGET = 4.3;
				LIBRARY_SEARCH_PATHS = (
					"$(inherited)",
					"\"$(SRCROOT)/../peepcode-iphone-view-controllers-code/1-Starter/SDKs/httpriot-0.6.0/iphoneos2.2.1.sdk/usr/local/lib\"",
					"\"$(SRCROOT)/../peepcode-iphone-view-controllers-code/1-Starter/SDKs/httpriot-0.6.0/iphoneos3.0.sdk/usr/local/lib\"",
					"\"$(SRCROOT)/../peepcode-iphone-view-controllers-code/1-Starter/SDKs/httpriot-0.6.0/iphonesimulator2.2.1.sdk/usr/local/lib\"",
					"\"$(SRCROOT)/../peepcode-iphone-view-controllers-code/1-Starter/SDKs/httpriot-0.6.0/iphonesimulator3.0.sdk/usr/local/lib\"",
					"\"$(SRCROOT)/../peepcode-iphone-view-controllers-code/1-Starter/SDKs/httpriot-0.6.0/macosx.sdk/usr/local/lib\"",
					"\"$(SRCROOT)/../peepcode-iphone-view-controllers-code/1-Starter/SDKs/httpriot-0.6.11/iphoneos3.2.sdk/usr/local/lib\"",
					"\"$(SRCROOT)/../peepcode-iphone-view-controllers-code/1-Starter/SDKs/httpriot-0.6.11/iphoneos4.0.sdk/usr/local/lib\"",
					"\"$(SRCROOT)/../peepcode-iphone-view-controllers-code/1-Starter/SDKs/httpriot-0.6.11/iphonesimulator3.2.sdk/usr/local/lib\"",
					"\"$(SRCROOT)/../peepcode-iphone-view-controllers-code/1-Starter/SDKs/httpriot-0.6.11/iphonesimulator4.0.sdk/usr/local/lib\"",
					"\"$(SRCROOT)/../peepcode-iphone-view-controllers-code/2-FromScreencast/SDKs/httpriot-0.6.0/iphoneos2.2.1.sdk/usr/local/lib\"",
					"\"$(SRCROOT)/../peepcode-iphone-view-controllers-code/2-FromScreencast/SDKs/httpriot-0.6.0/iphoneos3.0.sdk/usr/local/lib\"",
					"\"$(SRCROOT)/../peepcode-iphone-view-controllers-code/2-FromScreencast/SDKs/httpriot-0.6.0/iphonesimulator2.2.1.sdk/usr/local/lib\"",
					"\"$(SRCROOT)/../peepcode-iphone-view-controllers-code/2-FromScreencast/SDKs/httpriot-0.6.0/iphonesimulator3.0.sdk/usr/local/lib\"",
					"\"$(SRCROOT)/../peepcode-iphone-view-controllers-code/2-FromScreencast/SDKs/httpriot-0.6.0/macosx.sdk/usr/local/lib\"",
					"\"$(SRCROOT)/../peepcode-iphone-view-controllers-code/2-FromScreencast/SDKs/httpriot-0.6.11/iphoneos3.2.sdk/usr/local/lib\"",
					"\"$(SRCROOT)/../peepcode-iphone-view-controllers-code/2-FromScreencast/SDKs/httpriot-0.6.11/iphoneos4.0.sdk/usr/local/lib\"",
					"\"$(SRCROOT)/../peepcode-iphone-view-controllers-code/2-FromScreencast/SDKs/httpriot-0.6.11/iphonesimulator3.2.sdk/usr/local/lib\"",
					"\"$(SRCROOT)/../peepcode-iphone-view-controllers-code/2-FromScreencast/SDKs/httpriot-0.6.11/iphonesimulator4.0.sdk/usr/local/lib\"",
					"\"$(SRCROOT)/../peepcode-iphone-view-controllers-code/3-Enhanced/SDKs/httpriot-0.6.0/iphoneos2.2.1.sdk/usr/local/lib\"",
					"\"$(SRCROOT)/../peepcode-iphone-view-controllers-code/3-Enhanced/SDKs/httpriot-0.6.0/iphoneos3.0.sdk/usr/local/lib\"",
					"\"$(SRCROOT)/../peepcode-iphone-view-controllers-code/3-Enhanced/SDKs/httpriot-0.6.0/iphonesimulator2.2.1.sdk/usr/local/lib\"",
					"\"$(SRCROOT)/../peepcode-iphone-view-controllers-code/3-Enhanced/SDKs/httpriot-0.6.0/iphonesimulator3.0.sdk/usr/local/lib\"",
					"\"$(SRCROOT)/../peepcode-iphone-view-controllers-code/3-Enhanced/SDKs/httpriot-0.6.0/macosx.sdk/usr/local/lib\"",
					"\"$(SRCROOT)/../peepcode-iphone-view-controllers-code/3-Enhanced/SDKs/httpriot-0.6.11/iphoneos3.2.sdk/usr/local/lib\"",
					"\"$(SRCROOT)/../peepcode-iphone-view-controllers-code/3-Enhanced/SDKs/httpriot-0.6.11/iphoneos4.0.sdk/usr/local/lib\"",
					"\"$(SRCROOT)/../peepcode-iphone-view-controllers-code/3-Enhanced/SDKs/httpriot-0.6.11/iphonesimulator3.2.sdk/usr/local/lib\"",
					"\"$(SRCROOT)/../peepcode-iphone-view-controllers-code/3-Enhanced/SDKs/httpriot-0.6.11/iphonesimulator4.0.sdk/usr/local/lib\"",
				);
				PRODUCT_NAME = railshotline;
				WRAPPER_EXTENSION = app;
			};
			name = Debug;
		};
		9EE48E2F130DC7EF005491E1 /* Release */ = {
			isa = XCBuildConfiguration;
			buildSettings = {
				ALWAYS_SEARCH_USER_PATHS = NO;
				COPY_PHASE_STRIP = YES;
				FRAMEWORK_SEARCH_PATHS = (
					"$(inherited)",
					"\"$(SRCROOT)/../peepcode-iphone-view-controllers-code/1-Starter/SDKs/httpriot-0.6.11\"",
					"\"$(SRCROOT)/../peepcode-iphone-view-controllers-code/2-FromScreencast/SDKs/httpriot-0.6.11\"",
					"\"$(SRCROOT)/../peepcode-iphone-view-controllers-code/3-Enhanced/SDKs/httpriot-0.6.11\"",
				);
				GCC_PRECOMPILE_PREFIX_HEADER = YES;
				GCC_PREFIX_HEADER = "railshotline/railshotline-Prefix.pch";
				INFOPLIST_FILE = "railshotline/railshotline-Info.plist";
				INSTALL_PATH = "$(LOCAL_APPS_DIR)";
				IPHONEOS_DEPLOYMENT_TARGET = 4.3;
				LIBRARY_SEARCH_PATHS = (
					"$(inherited)",
					"\"$(SRCROOT)/../peepcode-iphone-view-controllers-code/1-Starter/SDKs/httpriot-0.6.0/iphoneos2.2.1.sdk/usr/local/lib\"",
					"\"$(SRCROOT)/../peepcode-iphone-view-controllers-code/1-Starter/SDKs/httpriot-0.6.0/iphoneos3.0.sdk/usr/local/lib\"",
					"\"$(SRCROOT)/../peepcode-iphone-view-controllers-code/1-Starter/SDKs/httpriot-0.6.0/iphonesimulator2.2.1.sdk/usr/local/lib\"",
					"\"$(SRCROOT)/../peepcode-iphone-view-controllers-code/1-Starter/SDKs/httpriot-0.6.0/iphonesimulator3.0.sdk/usr/local/lib\"",
					"\"$(SRCROOT)/../peepcode-iphone-view-controllers-code/1-Starter/SDKs/httpriot-0.6.0/macosx.sdk/usr/local/lib\"",
					"\"$(SRCROOT)/../peepcode-iphone-view-controllers-code/1-Starter/SDKs/httpriot-0.6.11/iphoneos3.2.sdk/usr/local/lib\"",
					"\"$(SRCROOT)/../peepcode-iphone-view-controllers-code/1-Starter/SDKs/httpriot-0.6.11/iphoneos4.0.sdk/usr/local/lib\"",
					"\"$(SRCROOT)/../peepcode-iphone-view-controllers-code/1-Starter/SDKs/httpriot-0.6.11/iphonesimulator3.2.sdk/usr/local/lib\"",
					"\"$(SRCROOT)/../peepcode-iphone-view-controllers-code/1-Starter/SDKs/httpriot-0.6.11/iphonesimulator4.0.sdk/usr/local/lib\"",
					"\"$(SRCROOT)/../peepcode-iphone-view-controllers-code/2-FromScreencast/SDKs/httpriot-0.6.0/iphoneos2.2.1.sdk/usr/local/lib\"",
					"\"$(SRCROOT)/../peepcode-iphone-view-controllers-code/2-FromScreencast/SDKs/httpriot-0.6.0/iphoneos3.0.sdk/usr/local/lib\"",
					"\"$(SRCROOT)/../peepcode-iphone-view-controllers-code/2-FromScreencast/SDKs/httpriot-0.6.0/iphonesimulator2.2.1.sdk/usr/local/lib\"",
					"\"$(SRCROOT)/../peepcode-iphone-view-controllers-code/2-FromScreencast/SDKs/httpriot-0.6.0/iphonesimulator3.0.sdk/usr/local/lib\"",
					"\"$(SRCROOT)/../peepcode-iphone-view-controllers-code/2-FromScreencast/SDKs/httpriot-0.6.0/macosx.sdk/usr/local/lib\"",
					"\"$(SRCROOT)/../peepcode-iphone-view-controllers-code/2-FromScreencast/SDKs/httpriot-0.6.11/iphoneos3.2.sdk/usr/local/lib\"",
					"\"$(SRCROOT)/../peepcode-iphone-view-controllers-code/2-FromScreencast/SDKs/httpriot-0.6.11/iphoneos4.0.sdk/usr/local/lib\"",
					"\"$(SRCROOT)/../peepcode-iphone-view-controllers-code/2-FromScreencast/SDKs/httpriot-0.6.11/iphonesimulator3.2.sdk/usr/local/lib\"",
					"\"$(SRCROOT)/../peepcode-iphone-view-controllers-code/2-FromScreencast/SDKs/httpriot-0.6.11/iphonesimulator4.0.sdk/usr/local/lib\"",
					"\"$(SRCROOT)/../peepcode-iphone-view-controllers-code/3-Enhanced/SDKs/httpriot-0.6.0/iphoneos2.2.1.sdk/usr/local/lib\"",
					"\"$(SRCROOT)/../peepcode-iphone-view-controllers-code/3-Enhanced/SDKs/httpriot-0.6.0/iphoneos3.0.sdk/usr/local/lib\"",
					"\"$(SRCROOT)/../peepcode-iphone-view-controllers-code/3-Enhanced/SDKs/httpriot-0.6.0/iphonesimulator2.2.1.sdk/usr/local/lib\"",
					"\"$(SRCROOT)/../peepcode-iphone-view-controllers-code/3-Enhanced/SDKs/httpriot-0.6.0/iphonesimulator3.0.sdk/usr/local/lib\"",
					"\"$(SRCROOT)/../peepcode-iphone-view-controllers-code/3-Enhanced/SDKs/httpriot-0.6.0/macosx.sdk/usr/local/lib\"",
					"\"$(SRCROOT)/../peepcode-iphone-view-controllers-code/3-Enhanced/SDKs/httpriot-0.6.11/iphoneos3.2.sdk/usr/local/lib\"",
					"\"$(SRCROOT)/../peepcode-iphone-view-controllers-code/3-Enhanced/SDKs/httpriot-0.6.11/iphoneos4.0.sdk/usr/local/lib\"",
					"\"$(SRCROOT)/../peepcode-iphone-view-controllers-code/3-Enhanced/SDKs/httpriot-0.6.11/iphonesimulator3.2.sdk/usr/local/lib\"",
					"\"$(SRCROOT)/../peepcode-iphone-view-controllers-code/3-Enhanced/SDKs/httpriot-0.6.11/iphonesimulator4.0.sdk/usr/local/lib\"",
				);
				PRODUCT_NAME = railshotline;
				VALIDATE_PRODUCT = YES;
				WRAPPER_EXTENSION = app;
			};
			name = Release;
		};
/* End XCBuildConfiguration section */

/* Begin XCConfigurationList section */
		9EE48E0C130DC7EF005491E1 /* Build configuration list for PBXProject "railshotline" */ = {
			isa = XCConfigurationList;
			buildConfigurations = (
				9EE48E2B130DC7EF005491E1 /* Debug */,
				9EE48E2C130DC7EF005491E1 /* Release */,
			);
			defaultConfigurationIsVisible = 0;
			defaultConfigurationName = Release;
		};
		9EE48E2D130DC7EF005491E1 /* Build configuration list for PBXNativeTarget "railshotline" */ = {
			isa = XCConfigurationList;
			buildConfigurations = (
				9EE48E2E130DC7EF005491E1 /* Debug */,
				9EE48E2F130DC7EF005491E1 /* Release */,
			);
			defaultConfigurationIsVisible = 0;
			defaultConfigurationName = Release;
		};
/* End XCConfigurationList section */
	};
	rootObject = 9EE48E09130DC7EF005491E1 /* Project object */;
}
