// !$*UTF8*$!
{
	archiveVersion = 1;
	classes = {
	};
	objectVersion = 46;
	objects = {

/* Begin PBXBuildFile section */
		1328B9FB152E4EA300AFEE6A /* Default.png in Resources */ = {isa = PBXBuildFile; fileRef = 1328B9FA152E4EA300AFEE6A /* Default.png */; };
		1328B9FE152E932000AFEE6A /* railshotlinebg.png in Resources */ = {isa = PBXBuildFile; fileRef = 1328B9FC152E932000AFEE6A /* railshotlinebg.png */; };
		1328B9FF152E932000AFEE6A /* railshotlinebg@2x.png in Resources */ = {isa = PBXBuildFile; fileRef = 1328B9FD152E932000AFEE6A /* railshotlinebg@2x.png */; };
		1328BA03152F41BE00AFEE6A /* Default@2x.png in Resources */ = {isa = PBXBuildFile; fileRef = 1328BA00152F41BE00AFEE6A /* Default@2x.png */; };
		1382A73E152FF97300A918EB /* Icon.png in Resources */ = {isa = PBXBuildFile; fileRef = 1382A73C152FF97300A918EB /* Icon.png */; };
		1382A73F152FF97300A918EB /* Icon@2x.png in Resources */ = {isa = PBXBuildFile; fileRef = 1382A73D152FF97300A918EB /* Icon@2x.png */; };
		9EE48E17130DC7EF005491E1 /* UIKit.framework in Frameworks */ = {isa = PBXBuildFile; fileRef = 9EE48E16130DC7EF005491E1 /* UIKit.framework */; };
		9EE48E19130DC7EF005491E1 /* Foundation.framework in Frameworks */ = {isa = PBXBuildFile; fileRef = 9EE48E18130DC7EF005491E1 /* Foundation.framework */; };
		9EE48E1B130DC7EF005491E1 /* CoreGraphics.framework in Frameworks */ = {isa = PBXBuildFile; fileRef = 9EE48E1A130DC7EF005491E1 /* CoreGraphics.framework */; };
		9EE48E21130DC7EF005491E1 /* InfoPlist.strings in Resources */ = {isa = PBXBuildFile; fileRef = 9EE48E1F130DC7EF005491E1 /* InfoPlist.strings */; };
		9EE48E24130DC7EF005491E1 /* main.m in Sources */ = {isa = PBXBuildFile; fileRef = 9EE48E23130DC7EF005491E1 /* main.m */; };
		9EE48E27130DC7EF005491E1 /* PockethotlineAppDelegate.m in Sources */ = {isa = PBXBuildFile; fileRef = 9EE48E26130DC7EF005491E1 /* PockethotlineAppDelegate.m */; };
		9EE48E2A130DC7EF005491E1 /* MainWindow.xib in Resources */ = {isa = PBXBuildFile; fileRef = 9EE48E28130DC7EF005491E1 /* MainWindow.xib */; };
		9EE48E32130DC900005491E1 /* PockethotlineView.m in Sources */ = {isa = PBXBuildFile; fileRef = 9EE48E31130DC900005491E1 /* PockethotlineView.m */; };
/* End PBXBuildFile section */

/* Begin PBXFileReference section */
		1328B9FA152E4EA300AFEE6A /* Default.png */ = {isa = PBXFileReference; lastKnownFileType = image.png; path = Default.png; sourceTree = "<group>"; };
		1328B9FC152E932000AFEE6A /* railshotlinebg.png */ = {isa = PBXFileReference; lastKnownFileType = image.png; path = railshotlinebg.png; sourceTree = "<group>"; };
		1328B9FD152E932000AFEE6A /* railshotlinebg@2x.png */ = {isa = PBXFileReference; lastKnownFileType = image.png; path = "railshotlinebg@2x.png"; sourceTree = "<group>"; };
		1328BA00152F41BE00AFEE6A /* Default@2x.png */ = {isa = PBXFileReference; lastKnownFileType = image.png; path = "Default@2x.png"; sourceTree = "<group>"; };
		1382A73C152FF97300A918EB /* Icon.png */ = {isa = PBXFileReference; lastKnownFileType = image.png; name = Icon.png; path = Hypnosister/Icon.png; sourceTree = "<group>"; };
		1382A73D152FF97300A918EB /* Icon@2x.png */ = {isa = PBXFileReference; lastKnownFileType = image.png; name = "Icon@2x.png"; path = "Hypnosister/Icon@2x.png"; sourceTree = "<group>"; };
		9EE48E12130DC7EF005491E1 /* railshotline.app */ = {isa = PBXFileReference; explicitFileType = wrapper.application; includeInIndex = 0; path = railshotline.app; sourceTree = BUILT_PRODUCTS_DIR; };
		9EE48E16130DC7EF005491E1 /* UIKit.framework */ = {isa = PBXFileReference; lastKnownFileType = wrapper.framework; name = UIKit.framework; path = System/Library/Frameworks/UIKit.framework; sourceTree = SDKROOT; };
		9EE48E18130DC7EF005491E1 /* Foundation.framework */ = {isa = PBXFileReference; lastKnownFileType = wrapper.framework; name = Foundation.framework; path = System/Library/Frameworks/Foundation.framework; sourceTree = SDKROOT; };
		9EE48E1A130DC7EF005491E1 /* CoreGraphics.framework */ = {isa = PBXFileReference; lastKnownFileType = wrapper.framework; name = CoreGraphics.framework; path = System/Library/Frameworks/CoreGraphics.framework; sourceTree = SDKROOT; };
		9EE48E1E130DC7EF005491E1 /* railshotline-Info.plist */ = {isa = PBXFileReference; lastKnownFileType = text.plist.xml; path = "railshotline-Info.plist"; sourceTree = "<group>"; };
		9EE48E20130DC7EF005491E1 /* en */ = {isa = PBXFileReference; lastKnownFileType = text.plist.strings; name = en; path = en.lproj/InfoPlist.strings; sourceTree = "<group>"; };
		9EE48E22130DC7EF005491E1 /* railshotline-Prefix.pch */ = {isa = PBXFileReference; lastKnownFileType = sourcecode.c.h; path = "railshotline-Prefix.pch"; sourceTree = "<group>"; };
		9EE48E23130DC7EF005491E1 /* main.m */ = {isa = PBXFileReference; lastKnownFileType = sourcecode.c.objc; path = main.m; sourceTree = "<group>"; };
		9EE48E25130DC7EF005491E1 /* PockethotlineAppDelegate.h */ = {isa = PBXFileReference; lastKnownFileType = sourcecode.c.h; path = PockethotlineAppDelegate.h; sourceTree = "<group>"; };
		9EE48E26130DC7EF005491E1 /* PockethotlineAppDelegate.m */ = {isa = PBXFileReference; lastKnownFileType = sourcecode.c.objc; path = PockethotlineAppDelegate.m; sourceTree = "<group>"; };
		9EE48E29130DC7EF005491E1 /* en */ = {isa = PBXFileReference; lastKnownFileType = file.xib; name = en; path = en.lproj/MainWindow.xib; sourceTree = "<group>"; };
		9EE48E30130DC900005491E1 /* PockethotlineView.h */ = {isa = PBXFileReference; fileEncoding = 4; lastKnownFileType = sourcecode.c.h; path = PockethotlineView.h; sourceTree = "<group>"; };
		9EE48E31130DC900005491E1 /* PockethotlineView.m */ = {isa = PBXFileReference; fileEncoding = 4; lastKnownFileType = sourcecode.c.objc; path = PockethotlineView.m; sourceTree = "<group>"; };
/* End PBXFileReference section */

/* Begin PBXFrameworksBuildPhase section */
		9EE48E0F130DC7EF005491E1 /* Frameworks */ = {
			isa = PBXFrameworksBuildPhase;
			buildActionMask = 2147483647;
			files = (
				9EE48E17130DC7EF005491E1 /* UIKit.framework in Frameworks */,
				9EE48E19130DC7EF005491E1 /* Foundation.framework in Frameworks */,
				9EE48E1B130DC7EF005491E1 /* CoreGraphics.framework in Frameworks */,
			);
			runOnlyForDeploymentPostprocessing = 0;
		};
/* End PBXFrameworksBuildPhase section */

/* Begin PBXGroup section */
		13A710E3152E3278005CDFA6 /* assets */ = {
			isa = PBXGroup;
			children = (
				1328BA00152F41BE00AFEE6A /* Default@2x.png */,
				1328B9FC152E932000AFEE6A /* railshotlinebg.png */,
				1328B9FD152E932000AFEE6A /* railshotlinebg@2x.png */,
				1328B9FA152E4EA300AFEE6A /* Default.png */,
			);
			name = assets;
			path = Hypnosister/assets;
			sourceTree = "<group>";
		};
		9EE48E07130DC7EF005491E1 = {
			isa = PBXGroup;
			children = (
				1382A73C152FF97300A918EB /* Icon.png */,
				1382A73D152FF97300A918EB /* Icon@2x.png */,
				13A710E3152E3278005CDFA6 /* assets */,
				9EE48E1C130DC7EF005491E1 /* Pockethotline */,
				9EE48E15130DC7EF005491E1 /* Frameworks */,
				9EE48E13130DC7EF005491E1 /* Products */,
			);
			sourceTree = "<group>";
		};
		9EE48E13130DC7EF005491E1 /* Products */ = {
			isa = PBXGroup;
			children = (
				9EE48E12130DC7EF005491E1 /* railshotline.app */,
			);
			name = Products;
			sourceTree = "<group>";
		};
		9EE48E15130DC7EF005491E1 /* Frameworks */ = {
			isa = PBXGroup;
			children = (
				9EE48E16130DC7EF005491E1 /* UIKit.framework */,
				9EE48E18130DC7EF005491E1 /* Foundation.framework */,
				9EE48E1A130DC7EF005491E1 /* CoreGraphics.framework */,
			);
			name = Frameworks;
			sourceTree = "<group>";
		};
		9EE48E1C130DC7EF005491E1 /* Pockethotline */ = {
			isa = PBXGroup;
			children = (
				9EE48E25130DC7EF005491E1 /* PockethotlineAppDelegate.h */,
				9EE48E26130DC7EF005491E1 /* PockethotlineAppDelegate.m */,
				9EE48E30130DC900005491E1 /* PockethotlineView.h */,
				9EE48E31130DC900005491E1 /* PockethotlineView.m */,
				9EE48E28130DC7EF005491E1 /* MainWindow.xib */,
				9EE48E1D130DC7EF005491E1 /* Supporting Files */,
			);
			name = Pockethotline;
			path = Hypnosister;
			sourceTree = "<group>";
		};
		9EE48E1D130DC7EF005491E1 /* Supporting Files */ = {
			isa = PBXGroup;
			children = (
				9EE48E1E130DC7EF005491E1 /* railshotline-Info.plist */,
				9EE48E1F130DC7EF005491E1 /* InfoPlist.strings */,
				9EE48E22130DC7EF005491E1 /* railshotline-Prefix.pch */,
				9EE48E23130DC7EF005491E1 /* main.m */,
			);
			name = "Supporting Files";
			sourceTree = "<group>";
		};
/* End PBXGroup section */

/* Begin PBXNativeTarget section */
		9EE48E11130DC7EF005491E1 /* railshotline */ = {
			isa = PBXNativeTarget;
			buildConfigurationList = 9EE48E2D130DC7EF005491E1 /* Build configuration list for PBXNativeTarget "railshotline" */;
			buildPhases = (
				9EE48E0E130DC7EF005491E1 /* Sources */,
				9EE48E0F130DC7EF005491E1 /* Frameworks */,
				9EE48E10130DC7EF005491E1 /* Resources */,
			);
			buildRules = (
			);
			dependencies = (
			);
			name = railshotline;
			productName = Hypnosister;
			productReference = 9EE48E12130DC7EF005491E1 /* railshotline.app */;
			productType = "com.apple.product-type.application";
		};
/* End PBXNativeTarget section */

/* Begin PBXProject section */
		9EE48E09130DC7EF005491E1 /* Project object */ = {
			isa = PBXProject;
			buildConfigurationList = 9EE48E0C130DC7EF005491E1 /* Build configuration list for PBXProject "railshotline" */;
			compatibilityVersion = "Xcode 3.2";
			developmentRegion = English;
			hasScannedForEncodings = 0;
			knownRegions = (
				en,
				es,
				ar,
				de,
				fr,
				it,
				ja,
				ko,
				"pt-BR",
				th,
				"zh-Hans",
			);
			mainGroup = 9EE48E07130DC7EF005491E1;
			productRefGroup = 9EE48E13130DC7EF005491E1 /* Products */;
			projectDirPath = "";
			projectRoot = "";
			targets = (
				9EE48E11130DC7EF005491E1 /* railshotline */,
			);
		};
/* End PBXProject section */

/* Begin PBXResourcesBuildPhase section */
		9EE48E10130DC7EF005491E1 /* Resources */ = {
			isa = PBXResourcesBuildPhase;
			buildActionMask = 2147483647;
			files = (
				9EE48E21130DC7EF005491E1 /* InfoPlist.strings in Resources */,
				9EE48E2A130DC7EF005491E1 /* MainWindow.xib in Resources */,
				1328B9FB152E4EA300AFEE6A /* Default.png in Resources */,
				1328B9FE152E932000AFEE6A /* railshotlinebg.png in Resources */,
				1328B9FF152E932000AFEE6A /* railshotlinebg@2x.png in Resources */,
				1328BA03152F41BE00AFEE6A /* Default@2x.png in Resources */,
				1382A73E152FF97300A918EB /* Icon.png in Resources */,
				1382A73F152FF97300A918EB /* Icon@2x.png in Resources */,
			);
			runOnlyForDeploymentPostprocessing = 0;
		};
/* End PBXResourcesBuildPhase section */

/* Begin PBXSourcesBuildPhase section */
		9EE48E0E130DC7EF005491E1 /* Sources */ = {
			isa = PBXSourcesBuildPhase;
			buildActionMask = 2147483647;
			files = (
				9EE48E24130DC7EF005491E1 /* main.m in Sources */,
				9EE48E27130DC7EF005491E1 /* PockethotlineAppDelegate.m in Sources */,
				9EE48E32130DC900005491E1 /* PockethotlineView.m in Sources */,
			);
			runOnlyForDeploymentPostprocessing = 0;
		};
/* End PBXSourcesBuildPhase section */

/* Begin PBXVariantGroup section */
		9EE48E1F130DC7EF005491E1 /* InfoPlist.strings */ = {
			isa = PBXVariantGroup;
			children = (
				9EE48E20130DC7EF005491E1 /* en */,
			);
			name = InfoPlist.strings;
			sourceTree = "<group>";
		};
		9EE48E28130DC7EF005491E1 /* MainWindow.xib */ = {
			isa = PBXVariantGroup;
			children = (
				9EE48E29130DC7EF005491E1 /* en */,
			);
			name = MainWindow.xib;
			sourceTree = "<group>";
		};
/* End PBXVariantGroup section */

/* Begin XCBuildConfiguration section */
		9EE48E2B130DC7EF005491E1 /* Debug */ = {
			isa = XCBuildConfiguration;
			buildSettings = {
				ARCHS = (
					armv7,
					armv6,
				);
				CODE_SIGN_IDENTITY = "iPhone Developer";
				"CODE_SIGN_IDENTITY[sdk=iphoneos*]" = "iPhone Developer";
				GCC_C_LANGUAGE_STANDARD = gnu99;
				GCC_OPTIMIZATION_LEVEL = 0;
				GCC_PREPROCESSOR_DEFINITIONS = DEBUG;
				GCC_VERSION = com.apple.compilers.llvmgcc42;
				GCC_WARN_ABOUT_RETURN_TYPE = YES;
				GCC_WARN_UNUSED_VARIABLE = YES;
				IPHONEOS_DEPLOYMENT_TARGET = 4.2;
				PROVISIONING_PROFILE = "";
				"PROVISIONING_PROFILE[sdk=iphoneos*]" = "";
				SDKROOT = iphoneos;
			};
			name = Debug;
		};
		9EE48E2C130DC7EF005491E1 /* Release */ = {
			isa = XCBuildConfiguration;
			buildSettings = {
				ARCHS = (
					armv7,
					armv6,
				);
				CODE_SIGN_IDENTITY = "iPhone Distribution";
				"CODE_SIGN_IDENTITY[sdk=iphoneos*]" = "iPhone Distribution";
				GCC_C_LANGUAGE_STANDARD = gnu99;
				GCC_VERSION = com.apple.compilers.llvmgcc42;
				GCC_WARN_ABOUT_RETURN_TYPE = YES;
				GCC_WARN_UNUSED_VARIABLE = YES;
				IPHONEOS_DEPLOYMENT_TARGET = 4.2;
				OTHER_CFLAGS = "-DNS_BLOCK_ASSERTIONS=1";
				PROVISIONING_PROFILE = "";
				"PROVISIONING_PROFILE[sdk=iphoneos*]" = "";
				SDKROOT = iphoneos;
			};
			name = Release;
		};
		9EE48E2E130DC7EF005491E1 /* Debug */ = {
			isa = XCBuildConfiguration;
			buildSettings = {
				ALWAYS_SEARCH_USER_PATHS = NO;
				COPY_PHASE_STRIP = NO;
				FRAMEWORK_SEARCH_PATHS = (
					"$(inherited)",
					"\"$(SRCROOT)/../peepcode-iphone-view-controllers-code/1-Starter/SDKs/httpriot-0.6.11\"",
					"\"$(SRCROOT)/../peepcode-iphone-view-controllers-code/2-FromScreencast/SDKs/httpriot-0.6.11\"",
					"\"$(SRCROOT)/../peepcode-iphone-view-controllers-code/3-Enhanced/SDKs/httpriot-0.6.11\"",
				);
				GCC_DYNAMIC_NO_PIC = NO;
				GCC_PRECOMPILE_PREFIX_HEADER = YES;
				GCC_PREFIX_HEADER = "Hypnosister/railshotline-Prefix.pch";
				INFOPLIST_FILE = "Hypnosister/railshotline-Info.plist";
				INSTALL_PATH = "$(LOCAL_APPS_DIR)";
				IPHONEOS_DEPLOYMENT_TARGET = 4.3;
				LIBRARY_SEARCH_PATHS = (
					"$(inherited)",
					"\"$(SRCROOT)/../peepcode-iphone-view-controllers-code/1-Starter/SDKs/httpriot-0.6.0/iphoneos2.2.1.sdk/usr/local/lib\"",
					"\"$(SRCROOT)/../peepcode-iphone-view-controllers-code/1-Starter/SDKs/httpriot-0.6.0/iphoneos3.0.sdk/usr/local/lib\"",
					"\"$(SRCROOT)/../peepcode-iphone-view-controllers-code/1-Starter/SDKs/httpriot-0.6.0/iphonesimulator2.2.1.sdk/usr/local/lib\"",
					"\"$(SRCROOT)/../peepcode-iphone-view-controllers-code/1-Starter/SDKs/httpriot-0.6.0/iphonesimulator3.0.sdk/usr/local/lib\"",
					"\"$(SRCROOT)/../peepcode-iphone-view-controllers-code/1-Starter/SDKs/httpriot-0.6.0/macosx.sdk/usr/local/lib\"",
					"\"$(SRCROOT)/../peepcode-iphone-view-controllers-code/1-Starter/SDKs/httpriot-0.6.11/iphoneos3.2.sdk/usr/local/lib\"",
					"\"$(SRCROOT)/../peepcode-iphone-view-controllers-code/1-Starter/SDKs/httpriot-0.6.11/iphoneos4.0.sdk/usr/local/lib\"",
					"\"$(SRCROOT)/../peepcode-iphone-view-controllers-code/1-Starter/SDKs/httpriot-0.6.11/iphonesimulator3.2.sdk/usr/local/lib\"",
					"\"$(SRCROOT)/../peepcode-iphone-view-controllers-code/1-Starter/SDKs/httpriot-0.6.11/iphonesimulator4.0.sdk/usr/local/lib\"",
					"\"$(SRCROOT)/../peepcode-iphone-view-controllers-code/2-FromScreencast/SDKs/httpriot-0.6.0/iphoneos2.2.1.sdk/usr/local/lib\"",
					"\"$(SRCROOT)/../peepcode-iphone-view-controllers-code/2-FromScreencast/SDKs/httpriot-0.6.0/iphoneos3.0.sdk/usr/local/lib\"",
					"\"$(SRCROOT)/../peepcode-iphone-view-controllers-code/2-FromScreencast/SDKs/httpriot-0.6.0/iphonesimulator2.2.1.sdk/usr/local/lib\"",
					"\"$(SRCROOT)/../peepcode-iphone-view-controllers-code/2-FromScreencast/SDKs/httpriot-0.6.0/iphonesimulator3.0.sdk/usr/local/lib\"",
					"\"$(SRCROOT)/../peepcode-iphone-view-controllers-code/2-FromScreencast/SDKs/httpriot-0.6.0/macosx.sdk/usr/local/lib\"",
					"\"$(SRCROOT)/../peepcode-iphone-view-controllers-code/2-FromScreencast/SDKs/httpriot-0.6.11/iphoneos3.2.sdk/usr/local/lib\"",
					"\"$(SRCROOT)/../peepcode-iphone-view-controllers-code/2-FromScreencast/SDKs/httpriot-0.6.11/iphoneos4.0.sdk/usr/local/lib\"",
					"\"$(SRCROOT)/../peepcode-iphone-view-controllers-code/2-FromScreencast/SDKs/httpriot-0.6.11/iphonesimulator3.2.sdk/usr/local/lib\"",
					"\"$(SRCROOT)/../peepcode-iphone-view-controllers-code/2-FromScreencast/SDKs/httpriot-0.6.11/iphonesimulator4.0.sdk/usr/local/lib\"",
					"\"$(SRCROOT)/../peepcode-iphone-view-controllers-code/3-Enhanced/SDKs/httpriot-0.6.0/iphoneos2.2.1.sdk/usr/local/lib\"",
					"\"$(SRCROOT)/../peepcode-iphone-view-controllers-code/3-Enhanced/SDKs/httpriot-0.6.0/iphoneos3.0.sdk/usr/local/lib\"",
					"\"$(SRCROOT)/../peepcode-iphone-view-controllers-code/3-Enhanced/SDKs/httpriot-0.6.0/iphonesimulator2.2.1.sdk/usr/local/lib\"",
					"\"$(SRCROOT)/../peepcode-iphone-view-controllers-code/3-Enhanced/SDKs/httpriot-0.6.0/iphonesimulator3.0.sdk/usr/local/lib\"",
					"\"$(SRCROOT)/../peepcode-iphone-view-controllers-code/3-Enhanced/SDKs/httpriot-0.6.0/macosx.sdk/usr/local/lib\"",
					"\"$(SRCROOT)/../peepcode-iphone-view-controllers-code/3-Enhanced/SDKs/httpriot-0.6.11/iphoneos3.2.sdk/usr/local/lib\"",
					"\"$(SRCROOT)/../peepcode-iphone-view-controllers-code/3-Enhanced/SDKs/httpriot-0.6.11/iphoneos4.0.sdk/usr/local/lib\"",
					"\"$(SRCROOT)/../peepcode-iphone-view-controllers-code/3-Enhanced/SDKs/httpriot-0.6.11/iphonesimulator3.2.sdk/usr/local/lib\"",
					"\"$(SRCROOT)/../peepcode-iphone-view-controllers-code/3-Enhanced/SDKs/httpriot-0.6.11/iphonesimulator4.0.sdk/usr/local/lib\"",
				);
				PRODUCT_NAME = railshotline;
				WRAPPER_EXTENSION = app;
			};
			name = Debug;
		};
		9EE48E2F130DC7EF005491E1 /* Release */ = {
			isa = XCBuildConfiguration;
			buildSettings = {
				ALWAYS_SEARCH_USER_PATHS = NO;
				COPY_PHASE_STRIP = YES;
				FRAMEWORK_SEARCH_PATHS = (
					"$(inherited)",
					"\"$(SRCROOT)/../peepcode-iphone-view-controllers-code/1-Starter/SDKs/httpriot-0.6.11\"",
					"\"$(SRCROOT)/../peepcode-iphone-view-controllers-code/2-FromScreencast/SDKs/httpriot-0.6.11\"",
					"\"$(SRCROOT)/../peepcode-iphone-view-controllers-code/3-Enhanced/SDKs/httpriot-0.6.11\"",
				);
				GCC_PRECOMPILE_PREFIX_HEADER = YES;
				GCC_PREFIX_HEADER = "Hypnosister/railshotline-Prefix.pch";
				INFOPLIST_FILE = "Hypnosister/railshotline-Info.plist";
				INSTALL_PATH = "$(LOCAL_APPS_DIR)";
				IPHONEOS_DEPLOYMENT_TARGET = 4.3;
				LIBRARY_SEARCH_PATHS = (
					"$(inherited)",
					"\"$(SRCROOT)/../peepcode-iphone-view-controllers-code/1-Starter/SDKs/httpriot-0.6.0/iphoneos2.2.1.sdk/usr/local/lib\"",
					"\"$(SRCROOT)/../peepcode-iphone-view-controllers-code/1-Starter/SDKs/httpriot-0.6.0/iphoneos3.0.sdk/usr/local/lib\"",
					"\"$(SRCROOT)/../peepcode-iphone-view-controllers-code/1-Starter/SDKs/httpriot-0.6.0/iphonesimulator2.2.1.sdk/usr/local/lib\"",
					"\"$(SRCROOT)/../peepcode-iphone-view-controllers-code/1-Starter/SDKs/httpriot-0.6.0/iphonesimulator3.0.sdk/usr/local/lib\"",
					"\"$(SRCROOT)/../peepcode-iphone-view-controllers-code/1-Starter/SDKs/httpriot-0.6.0/macosx.sdk/usr/local/lib\"",
					"\"$(SRCROOT)/../peepcode-iphone-view-controllers-code/1-Starter/SDKs/httpriot-0.6.11/iphoneos3.2.sdk/usr/local/lib\"",
					"\"$(SRCROOT)/../peepcode-iphone-view-controllers-code/1-Starter/SDKs/httpriot-0.6.11/iphoneos4.0.sdk/usr/local/lib\"",
					"\"$(SRCROOT)/../peepcode-iphone-view-controllers-code/1-Starter/SDKs/httpriot-0.6.11/iphonesimulator3.2.sdk/usr/local/lib\"",
					"\"$(SRCROOT)/../peepcode-iphone-view-controllers-code/1-Starter/SDKs/httpriot-0.6.11/iphonesimulator4.0.sdk/usr/local/lib\"",
					"\"$(SRCROOT)/../peepcode-iphone-view-controllers-code/2-FromScreencast/SDKs/httpriot-0.6.0/iphoneos2.2.1.sdk/usr/local/lib\"",
					"\"$(SRCROOT)/../peepcode-iphone-view-controllers-code/2-FromScreencast/SDKs/httpriot-0.6.0/iphoneos3.0.sdk/usr/local/lib\"",
					"\"$(SRCROOT)/../peepcode-iphone-view-controllers-code/2-FromScreencast/SDKs/httpriot-0.6.0/iphonesimulator2.2.1.sdk/usr/local/lib\"",
					"\"$(SRCROOT)/../peepcode-iphone-view-controllers-code/2-FromScreencast/SDKs/httpriot-0.6.0/iphonesimulator3.0.sdk/usr/local/lib\"",
					"\"$(SRCROOT)/../peepcode-iphone-view-controllers-code/2-FromScreencast/SDKs/httpriot-0.6.0/macosx.sdk/usr/local/lib\"",
					"\"$(SRCROOT)/../peepcode-iphone-view-controllers-code/2-FromScreencast/SDKs/httpriot-0.6.11/iphoneos3.2.sdk/usr/local/lib\"",
					"\"$(SRCROOT)/../peepcode-iphone-view-controllers-code/2-FromScreencast/SDKs/httpriot-0.6.11/iphoneos4.0.sdk/usr/local/lib\"",
					"\"$(SRCROOT)/../peepcode-iphone-view-controllers-code/2-FromScreencast/SDKs/httpriot-0.6.11/iphonesimulator3.2.sdk/usr/local/lib\"",
					"\"$(SRCROOT)/../peepcode-iphone-view-controllers-code/2-FromScreencast/SDKs/httpriot-0.6.11/iphonesimulator4.0.sdk/usr/local/lib\"",
					"\"$(SRCROOT)/../peepcode-iphone-view-controllers-code/3-Enhanced/SDKs/httpriot-0.6.0/iphoneos2.2.1.sdk/usr/local/lib\"",
					"\"$(SRCROOT)/../peepcode-iphone-view-controllers-code/3-Enhanced/SDKs/httpriot-0.6.0/iphoneos3.0.sdk/usr/local/lib\"",
					"\"$(SRCROOT)/../peepcode-iphone-view-controllers-code/3-Enhanced/SDKs/httpriot-0.6.0/iphonesimulator2.2.1.sdk/usr/local/lib\"",
					"\"$(SRCROOT)/../peepcode-iphone-view-controllers-code/3-Enhanced/SDKs/httpriot-0.6.0/iphonesimulator3.0.sdk/usr/local/lib\"",
					"\"$(SRCROOT)/../peepcode-iphone-view-controllers-code/3-Enhanced/SDKs/httpriot-0.6.0/macosx.sdk/usr/local/lib\"",
					"\"$(SRCROOT)/../peepcode-iphone-view-controllers-code/3-Enhanced/SDKs/httpriot-0.6.11/iphoneos3.2.sdk/usr/local/lib\"",
					"\"$(SRCROOT)/../peepcode-iphone-view-controllers-code/3-Enhanced/SDKs/httpriot-0.6.11/iphoneos4.0.sdk/usr/local/lib\"",
					"\"$(SRCROOT)/../peepcode-iphone-view-controllers-code/3-Enhanced/SDKs/httpriot-0.6.11/iphonesimulator3.2.sdk/usr/local/lib\"",
					"\"$(SRCROOT)/../peepcode-iphone-view-controllers-code/3-Enhanced/SDKs/httpriot-0.6.11/iphonesimulator4.0.sdk/usr/local/lib\"",
				);
				PRODUCT_NAME = railshotline;
				VALIDATE_PRODUCT = YES;
				WRAPPER_EXTENSION = app;
			};
			name = Release;
		};
/* End XCBuildConfiguration section */

/* Begin XCConfigurationList section */
		9EE48E0C130DC7EF005491E1 /* Build configuration list for PBXProject "railshotline" */ = {
			isa = XCConfigurationList;
			buildConfigurations = (
				9EE48E2B130DC7EF005491E1 /* Debug */,
				9EE48E2C130DC7EF005491E1 /* Release */,
			);
			defaultConfigurationIsVisible = 0;
			defaultConfigurationName = Release;
		};
		9EE48E2D130DC7EF005491E1 /* Build configuration list for PBXNativeTarget "railshotline" */ = {
			isa = XCConfigurationList;
			buildConfigurations = (
				9EE48E2E130DC7EF005491E1 /* Debug */,
				9EE48E2F130DC7EF005491E1 /* Release */,
			);
			defaultConfigurationIsVisible = 0;
			defaultConfigurationName = Release;
		};
/* End XCConfigurationList section */
	};
	rootObject = 9EE48E09130DC7EF005491E1 /* Project object */;
}
